{
  "version": 4,
  "terraform_version": "1.6.2",
  "serial": 27,
  "lineage": "0fec51a0-334d-71fd-ce38-9e46cd30b80f",
  "outputs": {
    "DB_HOST": {
      "value": "grupi-2-db-instance.cjsnrrorjfz7.eu-north-1.rds.amazonaws.com",
      "type": "string"
    },
    "DB_NAME": {
      "value": "postgres",
      "type": "string"
    },
    "DB_PASSWORD": {
      "value": "postgres",
      "type": "string"
    },
    "DB_PORT": {
      "value": 5432,
      "type": "number"
    },
    "DB_USERNAME": {
      "value": "postgres",
      "type": "string"
    },
    "ECR_REPOSITORY_NAME": {
      "value": "grupi-2-repo",
      "type": "string"
    },
    "ECR_REPOSITORY_URL": {
      "value": "129392916120.dkr.ecr.eu-north-1.amazonaws.com/grupi-2-repo",
      "type": "string"
    },
    "EKS_CLUSTER_NAME": {
      "value": "grupi-2-cluster",
      "type": "string"
    },
    "WEB_CLIENT_BUCKET_NAME": {
      "value": "grupi-2-static-site-bucket",
      "type": "string"
    },
    "WEB_CLIENT_URL": {
      "value": "grupi-2-static-site-bucket.s3-website.eu-north-1.amazonaws.com",
      "type": "string"
    }
  },
  "resources": [
    {
      "module": "module.aws_cluster",
      "mode": "managed",
      "type": "aws_ecr_repository",
      "name": "repo",
      "provider": "provider[\"registry.terraform.io/hashicorp/aws\"]",
      "instances": [
        {
          "schema_version": 0,
          "attributes": {
            "arn": "arn:aws:ecr:eu-north-1:129392916120:repository/grupi-2-repo",
            "encryption_configuration": [
              {
                "encryption_type": "AES256",
                "kms_key": ""
              }
            ],
            "force_delete": true,
            "id": "grupi-2-repo",
            "image_scanning_configuration": [
              {
                "scan_on_push": true
              }
            ],
            "image_tag_mutability": "MUTABLE",
            "name": "grupi-2-repo",
            "registry_id": "129392916120",
            "repository_url": "129392916120.dkr.ecr.eu-north-1.amazonaws.com/grupi-2-repo",
            "tags": null,
            "tags_all": {},
            "timeouts": null
          },
          "sensitive_attributes": [],
          "private": "eyJlMmJmYjczMC1lY2FhLTExZTYtOGY4OC0zNDM2M2JjN2M0YzAiOnsiZGVsZXRlIjoxMjAwMDAwMDAwMDAwfX0=",
          "dependencies": [
            "module.aws_network.aws_db_subnet_group.db_subnet_grp",
            "module.aws_network.aws_internet_gateway.test",
            "module.aws_network.aws_route_table.test",
            "module.aws_network.aws_route_table_association.as",
            "module.aws_network.aws_security_group.test",
            "module.aws_network.aws_security_group.test_1",
            "module.aws_network.aws_subnet.private_subnets",
            "module.aws_network.aws_subnet.public_subnet",
            "module.aws_network.aws_vpc.test"
          ]
        }
      ]
    },
    {
      "module": "module.aws_cluster",
      "mode": "managed",
      "type": "aws_eks_cluster",
      "name": "ea-eks",
      "provider": "provider[\"registry.terraform.io/hashicorp/aws\"]",
      "instances": [
        {
          "schema_version": 0,
          "attributes": {
            "arn": "arn:aws:eks:eu-north-1:129392916120:cluster/grupi-2-cluster",
            "certificate_authority": [
              {
                "data": "LS0tLS1CRUdJTiBDRVJUSUZJQ0FURS0tLS0tCk1JSURCVENDQWUyZ0F3SUJBZ0lJVW4wSGh2UDRzd3d3RFFZSktvWklodmNOQVFFTEJRQXdGVEVUTUJFR0ExVUUKQXhNS2EzVmlaWEp1WlhSbGN6QWVGdzB5TXpFeE1qY3hOVEE0TkRoYUZ3MHpNekV4TWpReE5URXpORGhhTUJVeApFekFSQmdOVkJBTVRDbXQxWW1WeWJtVjBaWE13Z2dFaU1BMEdDU3FHU0liM0RRRUJBUVVBQTRJQkR3QXdnZ0VLCkFvSUJBUURHc0dTRVdMeFlTVW53QTJCWXlJMGluNnI2a2NqMlBQdEUweld6eDdJVktONFFQc242NExFQXFQc00KaUhvQkhNZ0QxTnd5NTVmWFl3NHBoMTFzNWFwV3Y4MUFrVVlKQnJ6Skx2eGdFNlNxNnI2ZVIwc0JzeXpzU2FlMwppTWxJWi9XZ3hDZ1FuNytWanFnTHNuYS9nYnZiWlg1VXlIZzV4eWRyN1g5QzZNK1k5UnRsMHZSNElsc1oxa0RMCkYzOWVmYjA3NC83TjNQMW1zc1o4ekpUektsSEJMSmU4Z1BuMGtPYWNkYTRFWUtYenh2cDFDQjFHaTdSTG5ZNWQKdUhoNWRTNUFmZ0RwZlJ4N0RYaytEdnNYNnlibUoyRU04SCt3WkRkWkdkVXdBS3YrSmtPaGFSeGdKcWRTU1YxcQp5OWt5WXNDY3ZhMTA3RXFqdS91VW81eThxZlNwQWdNQkFBR2pXVEJYTUE0R0ExVWREd0VCL3dRRUF3SUNwREFQCkJnTlZIUk1CQWY4RUJUQURBUUgvTUIwR0ExVWREZ1FXQkJSOXlBaGZEb2orcmhBbHlLWUsyOWRlcHZFTzVEQVYKQmdOVkhSRUVEakFNZ2dwcmRXSmxjbTVsZEdWek1BMEdDU3FHU0liM0RRRUJDd1VBQTRJQkFRQnErNGhoT3h1Ygp6aVlEcFpuYW9UT1BHTXc0aXZBNXZEVitzSWxLSUxGd0NuUFVna0lGTXRDcGN5M0VYaGFQeXVTaGQrTmszelNOCllUcHYzSU1neHJOeGtDa3piMzd4MDlBenV6NmpuaWZoNDdOYTdKUVlSRU91Vm54UU91UDQrbk1HeE82bTFhZ08KT0tXcnA5ODM0QWxGbWNvSmpxdjUwT0FIQ0xwZzdZVDdVMkljc2ZzT2VpZisvaWdTSFk5TFhYb3NDNG5IajZrLwpORE5xRCtlRm1oVnhHRDlNbjhwcWxQOWlmNDdTSWNqV3pBK3o4WU14SHRFV0NUYnp4bVN3bHZLeHdFN1Z2dUZZCkE3YjFoZnVtZCt3WU9pSTFDZDBtRjllOFZVNlVRMUlOa1g4SkdTY0NkS21DelFnUFArOFk3WmhyanNGSEFXaGcKMlRzQzZnYXZlSXNXCi0tLS0tRU5EIENFUlRJRklDQVRFLS0tLS0K"
              }
            ],
            "cluster_id": null,
            "created_at": "2023-11-27 15:09:33.222 +0000 UTC",
            "enabled_cluster_log_types": null,
            "encryption_config": [],
            "endpoint": "https://5461D4907F9FA406887C91D804662188.gr7.eu-north-1.eks.amazonaws.com",
            "id": "grupi-2-cluster",
            "identity": [
              {
                "oidc": [
                  {
                    "issuer": "https://oidc.eks.eu-north-1.amazonaws.com/id/5461D4907F9FA406887C91D804662188"
                  }
                ]
              }
            ],
            "kubernetes_network_config": [
              {
                "ip_family": "ipv4",
                "service_ipv4_cidr": "172.20.0.0/16",
                "service_ipv6_cidr": ""
              }
            ],
            "name": "grupi-2-cluster",
            "outpost_config": [],
            "platform_version": "eks.4",
            "role_arn": "arn:aws:iam::129392916120:role/ea-eks-iam-role",
            "status": "ACTIVE",
            "tags": null,
            "tags_all": {},
            "timeouts": null,
            "version": "1.28",
            "vpc_config": [
              {
                "cluster_security_group_id": "sg-0299010ea41da5d80",
                "endpoint_private_access": false,
                "endpoint_public_access": true,
                "public_access_cidrs": [
                  "0.0.0.0/0"
                ],
                "security_group_ids": null,
                "subnet_ids": [
                  "subnet-04a6d0c50e0757684",
                  "subnet-04c412a8a28ed1a2c"
                ],
                "vpc_id": "vpc-0df36d573f68f2dec"
              }
            ]
          },
          "sensitive_attributes": [],
          "private": "eyJlMmJmYjczMC1lY2FhLTExZTYtOGY4OC0zNDM2M2JjN2M0YzAiOnsiY3JlYXRlIjoxODAwMDAwMDAwMDAwLCJkZWxldGUiOjkwMDAwMDAwMDAwMCwidXBkYXRlIjozNjAwMDAwMDAwMDAwfX0=",
          "dependencies": [
            "module.aws_cluster.aws_iam_role.eks-iam-role",
            "module.aws_network.aws_db_subnet_group.db_subnet_grp",
            "module.aws_network.aws_internet_gateway.test",
            "module.aws_network.aws_route_table.test",
            "module.aws_network.aws_route_table_association.as",
            "module.aws_network.aws_security_group.test",
            "module.aws_network.aws_security_group.test_1",
            "module.aws_network.aws_subnet.private_subnets",
            "module.aws_network.aws_subnet.public_subnet",
            "module.aws_network.aws_vpc.test"
          ]
        }
      ]
    },
    {
      "module": "module.aws_cluster",
      "mode": "managed",
      "type": "aws_eks_node_group",
      "name": "worker-node-group",
      "provider": "provider[\"registry.terraform.io/hashicorp/aws\"]",
      "instances": [
        {
          "schema_version": 0,
          "attributes": {
            "ami_type": "AL2_x86_64",
            "arn": "arn:aws:eks:eu-north-1:129392916120:nodegroup/grupi-2-cluster/grupi-2-eks-workernodes/a8c608ad-1aef-aec3-00bf-e0494c762d83",
            "capacity_type": "ON_DEMAND",
            "cluster_name": "grupi-2-cluster",
            "disk_size": 20,
            "force_update_version": null,
            "id": "grupi-2-cluster:grupi-2-eks-workernodes",
            "instance_types": [
              "t3.micro"
            ],
            "labels": null,
            "launch_template": [],
            "node_group_name": "grupi-2-eks-workernodes",
            "node_group_name_prefix": "",
            "node_role_arn": "arn:aws:iam::129392916120:role/grupi-2-eks-node-group",
            "release_version": "1.28.3-20231116",
            "remote_access": [],
            "resources": [
              {
                "autoscaling_groups": [
                  {
                    "name": "eks-grupi-2-eks-workernodes-a8c608ad-1aef-aec3-00bf-e0494c762d83"
                  }
                ],
                "remote_access_security_group_id": ""
              }
            ],
            "scaling_config": [
              {
                "desired_size": 2,
                "max_size": 3,
                "min_size": 1
              }
            ],
            "status": "ACTIVE",
            "subnet_ids": [
              "subnet-04a6d0c50e0757684",
              "subnet-04c412a8a28ed1a2c"
            ],
            "tags": null,
            "tags_all": {},
            "taint": [],
            "timeouts": null,
            "update_config": [
              {
                "max_unavailable": 1,
                "max_unavailable_percentage": 0
              }
            ],
            "version": "1.28"
          },
          "sensitive_attributes": [],
          "private": "eyJlMmJmYjczMC1lY2FhLTExZTYtOGY4OC0zNDM2M2JjN2M0YzAiOnsiY3JlYXRlIjozNjAwMDAwMDAwMDAwLCJkZWxldGUiOjM2MDAwMDAwMDAwMDAsInVwZGF0ZSI6MzYwMDAwMDAwMDAwMH19",
          "dependencies": [
            "module.aws_cluster.aws_eks_cluster.ea-eks",
            "module.aws_cluster.aws_iam_role.eks-iam-role",
            "module.aws_cluster.aws_iam_role.workernodes",
            "module.aws_cluster.aws_iam_role_policy_attachment.AmazonEC2ContainerRegistryReadOnly",
            "module.aws_cluster.aws_iam_role_policy_attachment.AmazonEKSWorkerNodePolicy",
            "module.aws_cluster.aws_iam_role_policy_attachment.AmazonEKS_CNI_Policy",
            "module.aws_network.aws_db_subnet_group.db_subnet_grp",
            "module.aws_network.aws_internet_gateway.test",
            "module.aws_network.aws_route_table.test",
            "module.aws_network.aws_route_table_association.as",
            "module.aws_network.aws_security_group.test",
            "module.aws_network.aws_security_group.test_1",
            "module.aws_network.aws_subnet.private_subnets",
            "module.aws_network.aws_subnet.public_subnet",
            "module.aws_network.aws_vpc.test"
          ]
        }
      ]
    },
    {
      "module": "module.aws_cluster",
      "mode": "managed",
      "type": "aws_iam_role",
      "name": "eks-iam-role",
      "provider": "provider[\"registry.terraform.io/hashicorp/aws\"]",
      "instances": [
        {
          "schema_version": 0,
          "attributes": {
            "arn": "arn:aws:iam::129392916120:role/ea-eks-iam-role",
            "assume_role_policy": "{\"Statement\":[{\"Action\":\"sts:AssumeRole\",\"Effect\":\"Allow\",\"Principal\":{\"Service\":\"eks.amazonaws.com\"}}],\"Version\":\"2012-10-17\"}",
            "create_date": "2023-11-27T15:09:31Z",
            "description": "",
            "force_detach_policies": false,
            "id": "ea-eks-iam-role",
            "inline_policy": [],
            "managed_policy_arns": [],
            "max_session_duration": 3600,
            "name": "ea-eks-iam-role",
            "name_prefix": "",
            "path": "/",
            "permissions_boundary": "",
            "tags": null,
            "tags_all": {},
            "unique_id": "AROAR4IDLG2MKOASKCSHE"
          },
          "sensitive_attributes": [],
          "private": "bnVsbA==",
          "dependencies": [
            "module.aws_network.aws_db_subnet_group.db_subnet_grp",
            "module.aws_network.aws_internet_gateway.test",
            "module.aws_network.aws_route_table.test",
            "module.aws_network.aws_route_table_association.as",
            "module.aws_network.aws_security_group.test",
            "module.aws_network.aws_security_group.test_1",
            "module.aws_network.aws_subnet.private_subnets",
            "module.aws_network.aws_subnet.public_subnet",
            "module.aws_network.aws_vpc.test"
          ]
        }
      ]
    },
    {
      "module": "module.aws_cluster",
      "mode": "managed",
      "type": "aws_iam_role",
      "name": "workernodes",
      "provider": "provider[\"registry.terraform.io/hashicorp/aws\"]",
      "instances": [
        {
          "schema_version": 0,
          "attributes": {
            "arn": "arn:aws:iam::129392916120:role/grupi-2-eks-node-group",
            "assume_role_policy": "{\"Statement\":[{\"Action\":\"sts:AssumeRole\",\"Effect\":\"Allow\",\"Principal\":{\"Service\":\"ec2.amazonaws.com\"}}],\"Version\":\"2012-10-17\"}",
            "create_date": "2023-11-27T15:09:31Z",
            "description": "",
            "force_detach_policies": false,
            "id": "grupi-2-eks-node-group",
            "inline_policy": [],
            "managed_policy_arns": [],
            "max_session_duration": 3600,
            "name": "grupi-2-eks-node-group",
            "name_prefix": "",
            "path": "/",
            "permissions_boundary": "",
            "tags": null,
            "tags_all": {},
            "unique_id": "AROAR4IDLG2MHI7VCTEIB"
          },
          "sensitive_attributes": [],
          "private": "bnVsbA==",
          "dependencies": [
            "module.aws_network.aws_db_subnet_group.db_subnet_grp",
            "module.aws_network.aws_internet_gateway.test",
            "module.aws_network.aws_route_table.test",
            "module.aws_network.aws_route_table_association.as",
            "module.aws_network.aws_security_group.test",
            "module.aws_network.aws_security_group.test_1",
            "module.aws_network.aws_subnet.private_subnets",
            "module.aws_network.aws_subnet.public_subnet",
            "module.aws_network.aws_vpc.test"
          ]
        }
      ]
    },
    {
      "module": "module.aws_cluster",
      "mode": "managed",
      "type": "aws_iam_role_policy_attachment",
      "name": "AmazonEC2ContainerRegistryReadOnly",
      "provider": "provider[\"registry.terraform.io/hashicorp/aws\"]",
      "instances": [
        {
          "schema_version": 0,
          "attributes": {
            "id": "grupi-2-eks-node-group-20231127150932046400000003",
            "policy_arn": "arn:aws:iam::aws:policy/AmazonEC2ContainerRegistryReadOnly",
            "role": "grupi-2-eks-node-group"
          },
          "sensitive_attributes": [],
          "private": "bnVsbA==",
          "dependencies": [
            "module.aws_cluster.aws_iam_role.workernodes",
            "module.aws_network.aws_db_subnet_group.db_subnet_grp",
            "module.aws_network.aws_internet_gateway.test",
            "module.aws_network.aws_route_table.test",
            "module.aws_network.aws_route_table_association.as",
            "module.aws_network.aws_security_group.test",
            "module.aws_network.aws_security_group.test_1",
            "module.aws_network.aws_subnet.private_subnets",
            "module.aws_network.aws_subnet.public_subnet",
            "module.aws_network.aws_vpc.test"
          ]
        }
      ]
    },
    {
      "module": "module.aws_cluster",
      "mode": "managed",
      "type": "aws_iam_role_policy_attachment",
      "name": "AmazonEC2ContainerRegistryReadOnly-EKS",
      "provider": "provider[\"registry.terraform.io/hashicorp/aws\"]",
      "instances": [
        {
          "schema_version": 0,
          "attributes": {
            "id": "ea-eks-iam-role-20231127150932055300000004",
            "policy_arn": "arn:aws:iam::aws:policy/AmazonEC2ContainerRegistryReadOnly",
            "role": "ea-eks-iam-role"
          },
          "sensitive_attributes": [],
          "private": "bnVsbA==",
          "dependencies": [
            "module.aws_cluster.aws_iam_role.eks-iam-role",
            "module.aws_network.aws_db_subnet_group.db_subnet_grp",
            "module.aws_network.aws_internet_gateway.test",
            "module.aws_network.aws_route_table.test",
            "module.aws_network.aws_route_table_association.as",
            "module.aws_network.aws_security_group.test",
            "module.aws_network.aws_security_group.test_1",
            "module.aws_network.aws_subnet.private_subnets",
            "module.aws_network.aws_subnet.public_subnet",
            "module.aws_network.aws_vpc.test"
          ]
        }
      ]
    },
    {
      "module": "module.aws_cluster",
      "mode": "managed",
      "type": "aws_iam_role_policy_attachment",
      "name": "AmazonEKSClusterPolicy",
      "provider": "provider[\"registry.terraform.io/hashicorp/aws\"]",
      "instances": [
        {
          "schema_version": 0,
          "attributes": {
            "id": "ea-eks-iam-role-20231127150932243700000005",
            "policy_arn": "arn:aws:iam::aws:policy/AmazonEKSClusterPolicy",
            "role": "ea-eks-iam-role"
          },
          "sensitive_attributes": [],
          "private": "bnVsbA==",
          "dependencies": [
            "module.aws_cluster.aws_iam_role.eks-iam-role",
            "module.aws_network.aws_db_subnet_group.db_subnet_grp",
            "module.aws_network.aws_internet_gateway.test",
            "module.aws_network.aws_route_table.test",
            "module.aws_network.aws_route_table_association.as",
            "module.aws_network.aws_security_group.test",
            "module.aws_network.aws_security_group.test_1",
            "module.aws_network.aws_subnet.private_subnets",
            "module.aws_network.aws_subnet.public_subnet",
            "module.aws_network.aws_vpc.test"
          ]
        }
      ]
    },
    {
      "module": "module.aws_cluster",
      "mode": "managed",
      "type": "aws_iam_role_policy_attachment",
      "name": "AmazonEKSWorkerNodePolicy",
      "provider": "provider[\"registry.terraform.io/hashicorp/aws\"]",
      "instances": [
        {
          "schema_version": 0,
          "attributes": {
            "id": "grupi-2-eks-node-group-20231127150932251700000006",
            "policy_arn": "arn:aws:iam::aws:policy/AmazonEKSWorkerNodePolicy",
            "role": "grupi-2-eks-node-group"
          },
          "sensitive_attributes": [],
          "private": "bnVsbA==",
          "dependencies": [
            "module.aws_cluster.aws_iam_role.workernodes",
            "module.aws_network.aws_db_subnet_group.db_subnet_grp",
            "module.aws_network.aws_internet_gateway.test",
            "module.aws_network.aws_route_table.test",
            "module.aws_network.aws_route_table_association.as",
            "module.aws_network.aws_security_group.test",
            "module.aws_network.aws_security_group.test_1",
            "module.aws_network.aws_subnet.private_subnets",
            "module.aws_network.aws_subnet.public_subnet",
            "module.aws_network.aws_vpc.test"
          ]
        }
      ]
    },
    {
      "module": "module.aws_cluster",
      "mode": "managed",
      "type": "aws_iam_role_policy_attachment",
      "name": "AmazonEKS_CNI_Policy",
      "provider": "provider[\"registry.terraform.io/hashicorp/aws\"]",
      "instances": [
        {
          "schema_version": 0,
          "attributes": {
            "id": "grupi-2-eks-node-group-20231127150931847100000001",
            "policy_arn": "arn:aws:iam::aws:policy/AmazonEKS_CNI_Policy",
            "role": "grupi-2-eks-node-group"
          },
          "sensitive_attributes": [],
          "private": "bnVsbA==",
          "dependencies": [
            "module.aws_cluster.aws_iam_role.workernodes",
            "module.aws_network.aws_db_subnet_group.db_subnet_grp",
            "module.aws_network.aws_internet_gateway.test",
            "module.aws_network.aws_route_table.test",
            "module.aws_network.aws_route_table_association.as",
            "module.aws_network.aws_security_group.test",
            "module.aws_network.aws_security_group.test_1",
            "module.aws_network.aws_subnet.private_subnets",
            "module.aws_network.aws_subnet.public_subnet",
            "module.aws_network.aws_vpc.test"
          ]
        }
      ]
    },
    {
      "module": "module.aws_cluster",
      "mode": "managed",
      "type": "aws_iam_role_policy_attachment",
      "name": "EC2InstanceProfileForImageBuilderECRContainerBuilds",
      "provider": "provider[\"registry.terraform.io/hashicorp/aws\"]",
      "instances": [
        {
          "schema_version": 0,
          "attributes": {
            "id": "grupi-2-eks-node-group-20231127150931854900000002",
            "policy_arn": "arn:aws:iam::aws:policy/EC2InstanceProfileForImageBuilderECRContainerBuilds",
            "role": "grupi-2-eks-node-group"
          },
          "sensitive_attributes": [],
          "private": "bnVsbA==",
          "dependencies": [
            "module.aws_cluster.aws_iam_role.workernodes",
            "module.aws_network.aws_db_subnet_group.db_subnet_grp",
            "module.aws_network.aws_internet_gateway.test",
            "module.aws_network.aws_route_table.test",
            "module.aws_network.aws_route_table_association.as",
            "module.aws_network.aws_security_group.test",
            "module.aws_network.aws_security_group.test_1",
            "module.aws_network.aws_subnet.private_subnets",
            "module.aws_network.aws_subnet.public_subnet",
            "module.aws_network.aws_vpc.test"
          ]
        }
      ]
    },
    {
      "module": "module.aws_db_database",
      "mode": "managed",
      "type": "aws_db_instance",
      "name": "ea-db",
      "provider": "provider[\"registry.terraform.io/hashicorp/aws\"]",
      "instances": [
        {
          "schema_version": 2,
          "attributes": {
            "address": "grupi-2-db-instance.cjsnrrorjfz7.eu-north-1.rds.amazonaws.com",
            "allocated_storage": 20,
            "allow_major_version_upgrade": null,
            "apply_immediately": false,
            "arn": "arn:aws:rds:eu-north-1:129392916120:db:grupi-2-db-instance",
            "auto_minor_version_upgrade": true,
            "availability_zone": "eu-north-1b",
            "backup_retention_period": 0,
            "backup_target": "region",
            "backup_window": "02:19-02:49",
            "blue_green_update": [],
            "ca_cert_identifier": "rds-ca-2019",
            "character_set_name": "",
            "copy_tags_to_snapshot": false,
            "custom_iam_instance_profile": "",
            "customer_owned_ip_enabled": false,
            "db_name": "postgres",
            "db_subnet_group_name": "my_db_sg",
            "delete_automated_backups": true,
            "deletion_protection": false,
            "domain": "",
            "domain_iam_role_name": "",
            "enabled_cloudwatch_logs_exports": null,
            "endpoint": "grupi-2-db-instance.cjsnrrorjfz7.eu-north-1.rds.amazonaws.com:5432",
            "engine": "postgres",
            "engine_version": "15",
            "engine_version_actual": "15.4",
            "final_snapshot_identifier": null,
            "hosted_zone_id": "Z3MPDEQW7KHUGY",
            "iam_database_authentication_enabled": false,
            "id": "db-GN56EHKGR5VTNIORO5A3AKPIW4",
            "identifier": "grupi-2-db-instance",
            "identifier_prefix": "",
            "instance_class": "db.t3.micro",
            "iops": 0,
            "kms_key_id": "",
            "latest_restorable_time": "",
            "license_model": "postgresql-license",
            "listener_endpoint": [],
            "maintenance_window": "tue:04:06-tue:04:36",
            "manage_master_user_password": null,
            "master_user_secret": [],
            "master_user_secret_kms_key_id": null,
            "max_allocated_storage": 0,
            "monitoring_interval": 0,
            "monitoring_role_arn": "",
            "multi_az": false,
            "nchar_character_set_name": "",
            "network_type": "IPV4",
            "option_group_name": "default:postgres-15",
            "parameter_group_name": "default.postgres15",
            "password": "postgres",
            "performance_insights_enabled": false,
            "performance_insights_kms_key_id": "",
            "performance_insights_retention_period": 0,
            "port": 5432,
            "publicly_accessible": true,
            "replica_mode": "",
            "replicas": [],
            "replicate_source_db": "",
            "resource_id": "db-GN56EHKGR5VTNIORO5A3AKPIW4",
            "restore_to_point_in_time": [],
            "s3_import": [],
            "skip_final_snapshot": true,
            "snapshot_identifier": null,
            "status": "available",
            "storage_encrypted": false,
            "storage_throughput": 0,
            "storage_type": "gp2",
            "tags": null,
            "tags_all": {},
            "timeouts": null,
            "timezone": "",
            "username": "postgres",
            "vpc_security_group_ids": [
              "sg-05b41c7651d8d67ee"
            ]
          },
          "sensitive_attributes": [],
          "private": "eyJlMmJmYjczMC1lY2FhLTExZTYtOGY4OC0zNDM2M2JjN2M0YzAiOnsiY3JlYXRlIjoyNDAwMDAwMDAwMDAwLCJkZWxldGUiOjM2MDAwMDAwMDAwMDAsInVwZGF0ZSI6NDgwMDAwMDAwMDAwMH0sInNjaGVtYV92ZXJzaW9uIjoiMiJ9",
          "dependencies": [
            "module.aws_network.aws_db_subnet_group.db_subnet_grp",
            "module.aws_network.aws_security_group.test_1",
            "module.aws_network.aws_subnet.public_subnet",
            "module.aws_network.aws_vpc.test"
          ]
        }
      ]
    },
    {
      "module": "module.aws_network",
      "mode": "managed",
      "type": "aws_db_subnet_group",
      "name": "db_subnet_grp",
      "provider": "provider[\"registry.terraform.io/hashicorp/aws\"]",
      "instances": [
        {
          "schema_version": 0,
          "attributes": {
            "arn": "arn:aws:rds:eu-north-1:129392916120:subgrp:my_db_sg",
            "description": "Managed by Terraform",
            "id": "my_db_sg",
            "name": "my_db_sg",
            "name_prefix": "",
            "subnet_ids": [
              "subnet-04a6d0c50e0757684",
              "subnet-04c412a8a28ed1a2c"
            ],
            "supported_network_types": [
              "IPV4"
            ],
            "tags": {
              "Name": "rds_subnet_grp"
            },
            "tags_all": {
              "Name": "rds_subnet_grp"
            },
            "vpc_id": "vpc-0df36d573f68f2dec"
          },
          "sensitive_attributes": [],
          "private": "bnVsbA==",
          "dependencies": [
            "module.aws_network.aws_subnet.public_subnet",
            "module.aws_network.aws_vpc.test"
          ]
        }
      ]
    },
    {
      "module": "module.aws_network",
      "mode": "managed",
      "type": "aws_internet_gateway",
      "name": "test",
      "provider": "provider[\"registry.terraform.io/hashicorp/aws\"]",
      "instances": [
        {
          "schema_version": 0,
          "attributes": {
            "arn": "arn:aws:ec2:eu-north-1:129392916120:internet-gateway/igw-0ba3c523f3328339a",
            "id": "igw-0ba3c523f3328339a",
            "owner_id": "129392916120",
            "tags": {
              "Name": "grupi-2-igw"
            },
            "tags_all": {
              "Name": "grupi-2-igw"
            },
            "timeouts": null,
            "vpc_id": "vpc-0df36d573f68f2dec"
          },
          "sensitive_attributes": [],
          "private": "eyJlMmJmYjczMC1lY2FhLTExZTYtOGY4OC0zNDM2M2JjN2M0YzAiOnsiY3JlYXRlIjoxMjAwMDAwMDAwMDAwLCJkZWxldGUiOjEyMDAwMDAwMDAwMDAsInVwZGF0ZSI6MTIwMDAwMDAwMDAwMH19",
          "dependencies": [
            "module.aws_network.aws_vpc.test"
          ]
        }
      ]
    },
    {
      "module": "module.aws_network",
      "mode": "managed",
      "type": "aws_route_table",
      "name": "test",
      "provider": "provider[\"registry.terraform.io/hashicorp/aws\"]",
      "instances": [
        {
          "schema_version": 0,
          "attributes": {
            "arn": "arn:aws:ec2:eu-north-1:129392916120:route-table/rtb-041e7ee184b482300",
            "id": "rtb-041e7ee184b482300",
            "owner_id": "129392916120",
            "propagating_vgws": [],
            "route": [
              {
                "carrier_gateway_id": "",
                "cidr_block": "0.0.0.0/0",
                "core_network_arn": "",
                "destination_prefix_list_id": "",
                "egress_only_gateway_id": "",
                "gateway_id": "igw-0ba3c523f3328339a",
                "ipv6_cidr_block": "",
                "local_gateway_id": "",
                "nat_gateway_id": "",
                "network_interface_id": "",
                "transit_gateway_id": "",
                "vpc_endpoint_id": "",
                "vpc_peering_connection_id": ""
              }
            ],
            "tags": {
              "Name": "grupi-2-rt"
            },
            "tags_all": {
              "Name": "grupi-2-rt"
            },
            "timeouts": null,
            "vpc_id": "vpc-0df36d573f68f2dec"
          },
          "sensitive_attributes": [],
          "private": "eyJlMmJmYjczMC1lY2FhLTExZTYtOGY4OC0zNDM2M2JjN2M0YzAiOnsiY3JlYXRlIjozMDAwMDAwMDAwMDAsImRlbGV0ZSI6MzAwMDAwMDAwMDAwLCJ1cGRhdGUiOjEyMDAwMDAwMDAwMH19",
          "dependencies": [
            "module.aws_network.aws_internet_gateway.test",
            "module.aws_network.aws_vpc.test"
          ]
        }
      ]
    },
    {
      "module": "module.aws_network",
      "mode": "managed",
      "type": "aws_route_table_association",
      "name": "as",
      "provider": "provider[\"registry.terraform.io/hashicorp/aws\"]",
      "instances": [
        {
          "index_key": 0,
          "schema_version": 0,
          "attributes": {
            "gateway_id": "",
            "id": "rtbassoc-02f4f65e3c501802d",
            "route_table_id": "rtb-041e7ee184b482300",
            "subnet_id": "subnet-04c412a8a28ed1a2c",
            "timeouts": null
          },
          "sensitive_attributes": [],
          "private": "eyJlMmJmYjczMC1lY2FhLTExZTYtOGY4OC0zNDM2M2JjN2M0YzAiOnsiY3JlYXRlIjozMDAwMDAwMDAwMDAsImRlbGV0ZSI6MzAwMDAwMDAwMDAwLCJ1cGRhdGUiOjEyMDAwMDAwMDAwMH19",
          "dependencies": [
            "module.aws_network.aws_internet_gateway.test",
            "module.aws_network.aws_route_table.test",
            "module.aws_network.aws_subnet.public_subnet",
            "module.aws_network.aws_vpc.test"
          ]
        },
        {
          "index_key": 1,
          "schema_version": 0,
          "attributes": {
            "gateway_id": "",
            "id": "rtbassoc-02f8dfe44901b1bc7",
            "route_table_id": "rtb-041e7ee184b482300",
            "subnet_id": "subnet-04a6d0c50e0757684",
            "timeouts": null
          },
          "sensitive_attributes": [],
          "private": "eyJlMmJmYjczMC1lY2FhLTExZTYtOGY4OC0zNDM2M2JjN2M0YzAiOnsiY3JlYXRlIjozMDAwMDAwMDAwMDAsImRlbGV0ZSI6MzAwMDAwMDAwMDAwLCJ1cGRhdGUiOjEyMDAwMDAwMDAwMH19",
          "dependencies": [
            "module.aws_network.aws_internet_gateway.test",
            "module.aws_network.aws_route_table.test",
            "module.aws_network.aws_subnet.public_subnet",
            "module.aws_network.aws_vpc.test"
          ]
        }
      ]
    },
    {
      "module": "module.aws_network",
      "mode": "managed",
      "type": "aws_security_group",
      "name": "test_1",
      "provider": "provider[\"registry.terraform.io/hashicorp/aws\"]",
      "instances": [
        {
          "index_key": 0,
          "schema_version": 1,
          "attributes": {
            "arn": "arn:aws:ec2:eu-north-1:129392916120:security-group/sg-05b41c7651d8d67ee",
            "description": "Managed by Terraform",
            "egress": [
              {
                "cidr_blocks": [
                  "0.0.0.0/0"
                ],
                "description": "",
                "from_port": 0,
                "ipv6_cidr_blocks": [],
                "prefix_list_ids": [],
                "protocol": "-1",
                "security_groups": [],
                "self": false,
                "to_port": 0
              }
            ],
            "id": "sg-05b41c7651d8d67ee",
            "ingress": [
              {
                "cidr_blocks": [
                  "0.0.0.0/0"
                ],
                "description": "",
                "from_port": 5432,
                "ipv6_cidr_blocks": [],
                "prefix_list_ids": [],
                "protocol": "tcp",
                "security_groups": [],
                "self": false,
                "to_port": 5432
              }
            ],
            "name": "grupi-2-db-sg",
            "name_prefix": "",
            "owner_id": "129392916120",
            "revoke_rules_on_delete": false,
            "tags": null,
            "tags_all": {},
            "timeouts": null,
            "vpc_id": "vpc-0df36d573f68f2dec"
          },
          "sensitive_attributes": [],
          "private": "eyJlMmJmYjczMC1lY2FhLTExZTYtOGY4OC0zNDM2M2JjN2M0YzAiOnsiY3JlYXRlIjo2MDAwMDAwMDAwMDAsImRlbGV0ZSI6OTAwMDAwMDAwMDAwfSwic2NoZW1hX3ZlcnNpb24iOiIxIn0=",
          "dependencies": [
            "module.aws_network.aws_vpc.test"
          ]
        }
      ]
    },
    {
      "module": "module.aws_network",
      "mode": "managed",
      "type": "aws_subnet",
      "name": "private_subnets",
      "provider": "provider[\"registry.terraform.io/hashicorp/aws\"]",
      "instances": [
        {
          "index_key": 0,
          "schema_version": 1,
          "attributes": {
            "arn": "arn:aws:ec2:eu-north-1:129392916120:subnet/subnet-005042d77f6434964",
            "assign_ipv6_address_on_creation": false,
            "availability_zone": "eu-north-1c",
            "availability_zone_id": "eun1-az3",
            "cidr_block": "10.0.4.0/24",
            "customer_owned_ipv4_pool": "",
            "enable_dns64": false,
            "enable_lni_at_device_index": 0,
            "enable_resource_name_dns_a_record_on_launch": false,
            "enable_resource_name_dns_aaaa_record_on_launch": false,
            "id": "subnet-005042d77f6434964",
            "ipv6_cidr_block": "",
            "ipv6_cidr_block_association_id": "",
            "ipv6_native": false,
            "map_customer_owned_ip_on_launch": false,
            "map_public_ip_on_launch": false,
            "outpost_arn": "",
            "owner_id": "129392916120",
            "private_dns_hostname_type_on_launch": "ip-name",
            "tags": {
              "Name": "grupi-2-private-subnet-0"
            },
            "tags_all": {
              "Name": "grupi-2-private-subnet-0"
            },
            "timeouts": null,
            "vpc_id": "vpc-0df36d573f68f2dec"
          },
          "sensitive_attributes": [],
          "private": "eyJlMmJmYjczMC1lY2FhLTExZTYtOGY4OC0zNDM2M2JjN2M0YzAiOnsiY3JlYXRlIjo2MDAwMDAwMDAwMDAsImRlbGV0ZSI6MTIwMDAwMDAwMDAwMH0sInNjaGVtYV92ZXJzaW9uIjoiMSJ9",
          "dependencies": [
            "module.aws_network.aws_vpc.test"
          ]
        }
      ]
    },
    {
      "module": "module.aws_network",
      "mode": "managed",
      "type": "aws_subnet",
      "name": "public_subnet",
      "provider": "provider[\"registry.terraform.io/hashicorp/aws\"]",
      "instances": [
        {
          "index_key": 0,
          "schema_version": 1,
          "attributes": {
            "arn": "arn:aws:ec2:eu-north-1:129392916120:subnet/subnet-04c412a8a28ed1a2c",
            "assign_ipv6_address_on_creation": false,
            "availability_zone": "eu-north-1a",
            "availability_zone_id": "eun1-az1",
            "cidr_block": "10.0.0.0/24",
            "customer_owned_ipv4_pool": "",
            "enable_dns64": false,
            "enable_lni_at_device_index": 0,
            "enable_resource_name_dns_a_record_on_launch": false,
            "enable_resource_name_dns_aaaa_record_on_launch": false,
            "id": "subnet-04c412a8a28ed1a2c",
            "ipv6_cidr_block": "",
            "ipv6_cidr_block_association_id": "",
            "ipv6_native": false,
            "map_customer_owned_ip_on_launch": false,
            "map_public_ip_on_launch": true,
            "outpost_arn": "",
            "owner_id": "129392916120",
            "private_dns_hostname_type_on_launch": "ip-name",
            "tags": {
              "Name": "grupi-2-public-subnet-0"
            },
            "tags_all": {
              "Name": "grupi-2-public-subnet-0"
            },
            "timeouts": null,
            "vpc_id": "vpc-0df36d573f68f2dec"
          },
          "sensitive_attributes": [],
          "private": "eyJlMmJmYjczMC1lY2FhLTExZTYtOGY4OC0zNDM2M2JjN2M0YzAiOnsiY3JlYXRlIjo2MDAwMDAwMDAwMDAsImRlbGV0ZSI6MTIwMDAwMDAwMDAwMH0sInNjaGVtYV92ZXJzaW9uIjoiMSJ9",
          "dependencies": [
            "module.aws_network.aws_vpc.test"
          ]
        },
        {
          "index_key": 1,
          "schema_version": 1,
          "attributes": {
            "arn": "arn:aws:ec2:eu-north-1:129392916120:subnet/subnet-04a6d0c50e0757684",
            "assign_ipv6_address_on_creation": false,
            "availability_zone": "eu-north-1b",
            "availability_zone_id": "eun1-az2",
            "cidr_block": "10.0.1.0/24",
            "customer_owned_ipv4_pool": "",
            "enable_dns64": false,
            "enable_lni_at_device_index": 0,
            "enable_resource_name_dns_a_record_on_launch": false,
            "enable_resource_name_dns_aaaa_record_on_launch": false,
            "id": "subnet-04a6d0c50e0757684",
            "ipv6_cidr_block": "",
            "ipv6_cidr_block_association_id": "",
            "ipv6_native": false,
            "map_customer_owned_ip_on_launch": false,
            "map_public_ip_on_launch": true,
            "outpost_arn": "",
            "owner_id": "129392916120",
            "private_dns_hostname_type_on_launch": "ip-name",
            "tags": {
              "Name": "grupi-2-public-subnet-1"
            },
            "tags_all": {
              "Name": "grupi-2-public-subnet-1"
            },
            "timeouts": null,
            "vpc_id": "vpc-0df36d573f68f2dec"
          },
          "sensitive_attributes": [],
          "private": "eyJlMmJmYjczMC1lY2FhLTExZTYtOGY4OC0zNDM2M2JjN2M0YzAiOnsiY3JlYXRlIjo2MDAwMDAwMDAwMDAsImRlbGV0ZSI6MTIwMDAwMDAwMDAwMH0sInNjaGVtYV92ZXJzaW9uIjoiMSJ9",
          "dependencies": [
            "module.aws_network.aws_vpc.test"
          ]
        }
      ]
    },
    {
      "module": "module.aws_network",
      "mode": "managed",
      "type": "aws_vpc",
      "name": "test",
      "provider": "provider[\"registry.terraform.io/hashicorp/aws\"]",
      "instances": [
        {
          "schema_version": 1,
          "attributes": {
            "arn": "arn:aws:ec2:eu-north-1:129392916120:vpc/vpc-0df36d573f68f2dec",
            "assign_generated_ipv6_cidr_block": false,
            "cidr_block": "10.0.0.0/21",
            "default_network_acl_id": "acl-0e4b6c380254148f9",
            "default_route_table_id": "rtb-0c40fdd2410f836f8",
            "default_security_group_id": "sg-0d94548ce2c67e7b1",
            "dhcp_options_id": "dopt-00a2d5f94a5b924b3",
            "enable_dns_hostnames": true,
            "enable_dns_support": true,
            "enable_network_address_usage_metrics": false,
            "id": "vpc-0df36d573f68f2dec",
            "instance_tenancy": "default",
            "ipv4_ipam_pool_id": null,
            "ipv4_netmask_length": null,
            "ipv6_association_id": "",
            "ipv6_cidr_block": "",
            "ipv6_cidr_block_network_border_group": "",
            "ipv6_ipam_pool_id": "",
            "ipv6_netmask_length": 0,
            "main_route_table_id": "rtb-0c40fdd2410f836f8",
            "owner_id": "129392916120",
            "tags": {
              "Name": "grupi-2-vpc"
            },
            "tags_all": {
              "Name": "grupi-2-vpc"
            }
          },
          "sensitive_attributes": [],
          "private": "eyJzY2hlbWFfdmVyc2lvbiI6IjEifQ=="
        }
      ]
    },
    {
      "module": "module.aws_website",
      "mode": "managed",
      "type": "aws_s3_bucket",
      "name": "ea_static_site",
      "provider": "provider[\"registry.terraform.io/hashicorp/aws\"]",
      "instances": [
        {
          "schema_version": 0,
          "attributes": {
            "acceleration_status": null,
            "acl": null,
            "arn": "arn:aws:s3:::grupi-2-static-site-bucket",
            "bucket": "grupi-2-static-site-bucket",
            "bucket_domain_name": "grupi-2-static-site-bucket.s3.amazonaws.com",
            "bucket_prefix": "",
            "bucket_regional_domain_name": "grupi-2-static-site-bucket.s3.eu-north-1.amazonaws.com",
            "cors_rule": [],
            "force_destroy": false,
            "grant": [
              {
                "id": "33c14e92b1aa66ed28125ca6b12826284dd434752f21c5919627dd7606df3fc1",
                "permissions": [
                  "FULL_CONTROL"
                ],
                "type": "CanonicalUser",
                "uri": ""
              }
            ],
            "hosted_zone_id": "Z3BAZG2TWCNX0D",
            "id": "grupi-2-static-site-bucket",
            "lifecycle_rule": [],
            "logging": [],
            "object_lock_configuration": [],
            "object_lock_enabled": false,
            "policy": "",
            "region": "eu-north-1",
            "replication_configuration": [],
            "request_payer": "BucketOwner",
            "server_side_encryption_configuration": [
              {
                "rule": [
                  {
                    "apply_server_side_encryption_by_default": [
                      {
                        "kms_master_key_id": "",
                        "sse_algorithm": "AES256"
                      }
                    ],
                    "bucket_key_enabled": false
                  }
                ]
              }
            ],
            "tags": null,
            "tags_all": {},
            "timeouts": null,
            "versioning": [
              {
                "enabled": false,
                "mfa_delete": false
              }
            ],
            "website": [],
            "website_domain": null,
            "website_endpoint": null
          },
          "sensitive_attributes": [],
          "private": "eyJlMmJmYjczMC1lY2FhLTExZTYtOGY4OC0zNDM2M2JjN2M0YzAiOnsiY3JlYXRlIjoxMjAwMDAwMDAwMDAwLCJkZWxldGUiOjM2MDAwMDAwMDAwMDAsInJlYWQiOjEyMDAwMDAwMDAwMDAsInVwZGF0ZSI6MTIwMDAwMDAwMDAwMH19"
        }
      ]
    },
    {
      "module": "module.aws_website",
      "mode": "managed",
      "type": "aws_s3_bucket_policy",
      "name": "site_policy",
      "provider": "provider[\"registry.terraform.io/hashicorp/aws\"]",
      "instances": [
        {
          "schema_version": 0,
          "attributes": {
            "bucket": "grupi-2-static-site-bucket",
            "id": "grupi-2-static-site-bucket",
            "policy": "{\"Statement\":[{\"Action\":[\"s3:GetObject\"],\"Effect\":\"Allow\",\"Principal\":\"*\",\"Resource\":[\"arn:aws:s3:::grupi-2-static-site-bucket/*\"],\"Sid\":\"PublicReadGetObject\"}],\"Version\":\"2012-10-17\"}"
          },
          "sensitive_attributes": [],
          "private": "bnVsbA==",
          "dependencies": [
            "module.aws_website.aws_s3_bucket.ea_static_site",
            "module.aws_website.aws_s3_bucket_public_access_block.access_block"
          ]
        }
      ]
    },
    {
      "module": "module.aws_website",
      "mode": "managed",
      "type": "aws_s3_bucket_public_access_block",
      "name": "access_block",
      "provider": "provider[\"registry.terraform.io/hashicorp/aws\"]",
      "instances": [
        {
          "schema_version": 0,
          "attributes": {
            "block_public_acls": false,
            "block_public_policy": false,
            "bucket": "grupi-2-static-site-bucket",
            "id": "grupi-2-static-site-bucket",
            "ignore_public_acls": false,
            "restrict_public_buckets": false
          },
          "sensitive_attributes": [],
          "private": "bnVsbA==",
          "dependencies": [
            "module.aws_website.aws_s3_bucket.ea_static_site"
          ]
        }
      ]
    },
    {
      "module": "module.aws_website",
      "mode": "managed",
      "type": "aws_s3_bucket_website_configuration",
      "name": "ea",
      "provider": "provider[\"registry.terraform.io/hashicorp/aws\"]",
      "instances": [
        {
          "schema_version": 0,
          "attributes": {
            "bucket": "grupi-2-static-site-bucket",
            "error_document": [
              {
                "key": "index.html"
              }
            ],
            "expected_bucket_owner": "",
            "id": "grupi-2-static-site-bucket",
            "index_document": [
              {
                "suffix": "index.html"
              }
            ],
            "redirect_all_requests_to": [],
            "routing_rule": [],
            "routing_rules": "",
            "website_domain": "s3-website.eu-north-1.amazonaws.com",
            "website_endpoint": "grupi-2-static-site-bucket.s3-website.eu-north-1.amazonaws.com"
          },
          "sensitive_attributes": [],
          "private": "bnVsbA==",
          "dependencies": [
            "module.aws_website.aws_s3_bucket.ea_static_site"
          ]
        }
      ]
    }
  ],
  "check_results": null
}
